
Microsoft Visual Studio Solution File, Format Version 10.00
# Visual Studio 2008
Project("{E24C65DC-7377-472B-9ABA-BC803B73C61A}") = "WidgetStatic", ".", "{C9C7CF77-7719-4EC9-8ABA-F2DBB7DDDEDE}"
	ProjectSection(WebsiteProperties) = preProject
		TargetFramework = "2.0"
		Debug.AspNetCompiler.VirtualPath = "/WidgetStatic"
		Debug.AspNetCompiler.PhysicalPath = "D:\Writing\WebWidgets\Final\chapter5\WidgetStatic\"
		Debug.AspNetCompiler.TargetPath = "PrecompiledWeb\WidgetStatic\"
		Debug.AspNetCompiler.Updateable = "true"
		Debug.AspNetCompiler.ForceOverwrite = "true"
		Debug.AspNetCompiler.FixedNames = "false"
		Debug.AspNetCompiler.Debug = "True"
		Release.AspNetCompiler.VirtualPath = "/WidgetStatic"
		Release.AspNetCompiler.PhysicalPath = "D:\Writing\WebWidgets\Final\chapter5\WidgetStatic\"
		Release.AspNetCompiler.TargetPath = "PrecompiledWeb\WidgetStatic\"
		Release.AspNetCompiler.Updateable = "true"
		Release.AspNetCompiler.ForceOverwrite = "true"
		Release.AspNetCompiler.FixedNames = "false"
		Release.AspNetCompiler.Debug = "False"
		VWDPort = "64182"
	EndProjectSection
EndProject
Global
	GlobalSection(SolutionConfigurationPlatforms) = preSolution
		Debug|.NET = Debug|.NET
	EndGlobalSection
	GlobalSection(ProjectConfigurationPlatforms) = postSolution
		{C9C7CF77-7719-4EC9-8ABA-F2DBB7DDDEDE}.Debug|.NET.ActiveCfg = Debug|.NET
		{C9C7CF77-7719-4EC9-8ABA-F2DBB7DDDEDE}.Debug|.NET.Build.0 = Debug|.NET
	EndGlobalSection
	GlobalSection(SolutionProperties) = preSolution
		HideSolutionNode = FALSE
	EndGlobalSection
EndGlobal
