
Microsoft Visual Studio Solution File, Format Version 10.00
# Visual Studio 2008
Project("{E24C65DC-7377-472B-9ABA-BC803B73C61A}") = "WidgetFast", ".", "{868E93DA-EA73-4E38-B707-9F0293B8D8E1}"
	ProjectSection(WebsiteProperties) = preProject
		TargetFramework = "2.0"
		Debug.AspNetCompiler.VirtualPath = "/WidgetFast"
		Debug.AspNetCompiler.PhysicalPath = "D:\Writing\WebWidgets\Final\chapter8\WidgetFast\"
		Debug.AspNetCompiler.TargetPath = "PrecompiledWeb\WidgetFast\"
		Debug.AspNetCompiler.Updateable = "true"
		Debug.AspNetCompiler.ForceOverwrite = "true"
		Debug.AspNetCompiler.FixedNames = "false"
		Debug.AspNetCompiler.Debug = "True"
		Release.AspNetCompiler.VirtualPath = "/WidgetFast"
		Release.AspNetCompiler.PhysicalPath = "D:\Writing\WebWidgets\Final\chapter8\WidgetFast\"
		Release.AspNetCompiler.TargetPath = "PrecompiledWeb\WidgetFast\"
		Release.AspNetCompiler.Updateable = "true"
		Release.AspNetCompiler.ForceOverwrite = "true"
		Release.AspNetCompiler.FixedNames = "false"
		Release.AspNetCompiler.Debug = "False"
		VWDPort = "61720"
	EndProjectSection
EndProject
Global
	GlobalSection(SolutionConfigurationPlatforms) = preSolution
		Debug|.NET = Debug|.NET
	EndGlobalSection
	GlobalSection(ProjectConfigurationPlatforms) = postSolution
		{868E93DA-EA73-4E38-B707-9F0293B8D8E1}.Debug|.NET.ActiveCfg = Debug|.NET
		{868E93DA-EA73-4E38-B707-9F0293B8D8E1}.Debug|.NET.Build.0 = Debug|.NET
	EndGlobalSection
	GlobalSection(SolutionProperties) = preSolution
		HideSolutionNode = FALSE
	EndGlobalSection
EndGlobal
