
Microsoft Visual Studio Solution File, Format Version 10.00
# Visual Studio 2008
Project("{E24C65DC-7377-472B-9ABA-BC803B73C61A}") = "WidgetSecure", ".", "{E9E650E0-CB4D-4715-82C6-B4FA727CECC5}"
	ProjectSection(WebsiteProperties) = preProject
		TargetFramework = "2.0"
		Debug.AspNetCompiler.VirtualPath = "/WidgetSecure"
		Debug.AspNetCompiler.PhysicalPath = "D:\Writing\WebWidgets\Final\chapter7\WidgetSecure\"
		Debug.AspNetCompiler.TargetPath = "PrecompiledWeb\WidgetSecure\"
		Debug.AspNetCompiler.Updateable = "true"
		Debug.AspNetCompiler.ForceOverwrite = "true"
		Debug.AspNetCompiler.FixedNames = "false"
		Debug.AspNetCompiler.Debug = "True"
		Release.AspNetCompiler.VirtualPath = "/WidgetSecure"
		Release.AspNetCompiler.PhysicalPath = "D:\Writing\WebWidgets\Final\chapter7\WidgetSecure\"
		Release.AspNetCompiler.TargetPath = "PrecompiledWeb\WidgetSecure\"
		Release.AspNetCompiler.Updateable = "true"
		Release.AspNetCompiler.ForceOverwrite = "true"
		Release.AspNetCompiler.FixedNames = "false"
		Release.AspNetCompiler.Debug = "False"
		VWDPort = "61087"
	EndProjectSection
EndProject
Global
	GlobalSection(SolutionConfigurationPlatforms) = preSolution
		Debug|.NET = Debug|.NET
	EndGlobalSection
	GlobalSection(ProjectConfigurationPlatforms) = postSolution
		{E9E650E0-CB4D-4715-82C6-B4FA727CECC5}.Debug|.NET.ActiveCfg = Debug|.NET
		{E9E650E0-CB4D-4715-82C6-B4FA727CECC5}.Debug|.NET.Build.0 = Debug|.NET
	EndGlobalSection
	GlobalSection(SolutionProperties) = preSolution
		HideSolutionNode = FALSE
	EndGlobalSection
EndGlobal
